
Microsoft Visual Studio Solution File, Format Version 12.00
# Visual Studio 14
VisualStudioVersion = 14.0.25420.1
MinimumVisualStudioVersion = 10.0.40219.1
Project("{FAE04EC0-301F-11D3-BF4B-00C04F79EFBC}") = "TaksaTest", "TaksaTest\TaksaTest.csproj", "{4E01B890-7F89-48BF-9230-F78E6A8E4F76}"
EndProject
Global
	GlobalSection(SolutionConfigurationPlatforms) = preSolution
		Debug|Any CPU = Debug|Any CPU
		Release|Any CPU = Release|Any CPU
	EndGlobalSection
	GlobalSection(ProjectConfigurationPlatforms) = postSolution
		{4E01B890-7F89-48BF-9230-F78E6A8E4F76}.Debug|Any CPU.ActiveCfg = Debug|Any CPU
		{4E01B890-7F89-48BF-9230-F78E6A8E4F76}.Debug|Any CPU.Build.0 = Debug|Any CPU
		{4E01B890-7F89-48BF-9230-F78E6A8E4F76}.Release|Any CPU.ActiveCfg = Release|Any CPU
		{4E01B890-7F89-48BF-9230-F78E6A8E4F76}.Release|Any CPU.Build.0 = Release|Any CPU
	EndGlobalSection
	GlobalSection(SolutionProperties) = preSolution
		HideSolutionNode = FALSE
	EndGlobalSection
EndGlobal
